
Microsoft Visual Studio Solution File, Format Version 12.00
# Visual Studio Version 17
VisualStudioVersion = 17.0.31903.59
MinimumVisualStudioVersion = 10.0.40219.1
Project("{FAE04EC0-301F-11D3-BF4B-00C04F79EFBC}") = "LeetCode", "LeetCode\LeetCode.csproj", "{9DBEBD45-0299-4BB0-904E-341DE55B6E6B}"
EndProject
Project("{FAE04EC0-301F-11D3-BF4B-00C04F79EFBC}") = "Easy", "Easy\Easy.csproj", "{66D3FA92-5C30-43CE-9494-8D2D267ACACF}"
EndProject
Project("{FAE04EC0-301F-11D3-BF4B-00C04F79EFBC}") = "Tests", "Tests\Tests.csproj", "{1BA3AADF-2634-4B97-92A2-EF7AD57706AD}"
EndProject
Project("{FAE04EC0-301F-11D3-BF4B-00C04F79EFBC}") = "Common", "Common\Common.csproj", "{EBBD90BB-DE00-4E0F-8D08-B16BB6D7B455}"
EndProject
Global
	GlobalSection(SolutionConfigurationPlatforms) = preSolution
		Debug|Any CPU = Debug|Any CPU
		Release|Any CPU = Release|Any CPU
	EndGlobalSection
	GlobalSection(SolutionProperties) = preSolution
		HideSolutionNode = FALSE
	EndGlobalSection
	GlobalSection(ProjectConfigurationPlatforms) = postSolution
		{9DBEBD45-0299-4BB0-904E-341DE55B6E6B}.Debug|Any CPU.ActiveCfg = Debug|Any CPU
		{9DBEBD45-0299-4BB0-904E-341DE55B6E6B}.Debug|Any CPU.Build.0 = Debug|Any CPU
		{9DBEBD45-0299-4BB0-904E-341DE55B6E6B}.Release|Any CPU.ActiveCfg = Release|Any CPU
		{9DBEBD45-0299-4BB0-904E-341DE55B6E6B}.Release|Any CPU.Build.0 = Release|Any CPU
		{66D3FA92-5C30-43CE-9494-8D2D267ACACF}.Debug|Any CPU.ActiveCfg = Debug|Any CPU
		{66D3FA92-5C30-43CE-9494-8D2D267ACACF}.Debug|Any CPU.Build.0 = Debug|Any CPU
		{66D3FA92-5C30-43CE-9494-8D2D267ACACF}.Release|Any CPU.ActiveCfg = Release|Any CPU
		{66D3FA92-5C30-43CE-9494-8D2D267ACACF}.Release|Any CPU.Build.0 = Release|Any CPU
		{1BA3AADF-2634-4B97-92A2-EF7AD57706AD}.Debug|Any CPU.ActiveCfg = Debug|Any CPU
		{1BA3AADF-2634-4B97-92A2-EF7AD57706AD}.Debug|Any CPU.Build.0 = Debug|Any CPU
		{1BA3AADF-2634-4B97-92A2-EF7AD57706AD}.Release|Any CPU.ActiveCfg = Release|Any CPU
		{1BA3AADF-2634-4B97-92A2-EF7AD57706AD}.Release|Any CPU.Build.0 = Release|Any CPU
		{EBBD90BB-DE00-4E0F-8D08-B16BB6D7B455}.Debug|Any CPU.ActiveCfg = Debug|Any CPU
		{EBBD90BB-DE00-4E0F-8D08-B16BB6D7B455}.Debug|Any CPU.Build.0 = Debug|Any CPU
		{EBBD90BB-DE00-4E0F-8D08-B16BB6D7B455}.Release|Any CPU.ActiveCfg = Release|Any CPU
		{EBBD90BB-DE00-4E0F-8D08-B16BB6D7B455}.Release|Any CPU.Build.0 = Release|Any CPU
	EndGlobalSection
EndGlobal
